
Microsoft Visual Studio Solution File, Format Version 12.00
# Visual Studio 2013
VisualStudioVersion = 12.0.30324.0
MinimumVisualStudioVersion = 10.0.40219.1
Project("{FAE04EC0-301F-11D3-BF4B-00C04F79EFBC}") = "SharpRaven.Log4Net", "src\app\SharpRaven.Log4Net\SharpRaven.Log4Net.csproj", "{89A4E2A9-2D28-4500-B041-30D7A6C040D3}"
EndProject
Project("{FAE04EC0-301F-11D3-BF4B-00C04F79EFBC}") = "SharpRaven.Log4Net.Tests", "src\tests\SharpRaven.Log4Net.Tests\SharpRaven.Log4Net.Tests.csproj", "{6879BBB1-49BC-4423-814D-5141CA347086}"
EndProject
Project("{2150E333-8FDC-42A3-9474-1A3956D46DE8}") = "Solution Items", "Solution Items", "{1866A7D1-8F21-4CFF-B862-CB88686D7913}"
	ProjectSection(SolutionItems) = preProject
		README.md = README.md
	EndProjectSection
EndProject
Project("{2150E333-8FDC-42A3-9474-1A3956D46DE8}") = "app", "app", "{DD133F81-C83C-4A43-B0E1-5C76BFC71591}"
EndProject
Project("{2150E333-8FDC-42A3-9474-1A3956D46DE8}") = "tests", "tests", "{8EB01430-98C2-413E-B3D5-C8CDFA6A1EDC}"
EndProject
Project("{2150E333-8FDC-42A3-9474-1A3956D46DE8}") = ".nuget", ".nuget", "{54A2736F-18FA-43D5-B187-FF25891A2C3D}"
	ProjectSection(SolutionItems) = preProject
		.nuget\packages.config = .nuget\packages.config
	EndProjectSection
EndProject
Project("{2150E333-8FDC-42A3-9474-1A3956D46DE8}") = "Ciao", "Ciao", "{2E9C4257-07F9-4CE1-BBE1-C93F244570D3}"
	ProjectSection(SolutionItems) = preProject
		Ciao.proj = Ciao.proj
		Ciao.props = Ciao.props
	EndProjectSection
EndProject
Project("{FAE04EC0-301F-11D3-BF4B-00C04F79EFBC}") = "SharpRaven.Log4Net.Tests.Web", "src\tests\SharpRaven.Log4Net.Tests.Web\SharpRaven.Log4Net.Tests.Web.csproj", "{913CC976-8AFB-4005-910D-8C2AB7B9AE44}"
EndProject
Global
	GlobalSection(SolutionConfigurationPlatforms) = preSolution
		Debug|Any CPU = Debug|Any CPU
		Release|Any CPU = Release|Any CPU
	EndGlobalSection
	GlobalSection(ProjectConfigurationPlatforms) = postSolution
		{89A4E2A9-2D28-4500-B041-30D7A6C040D3}.Debug|Any CPU.ActiveCfg = Debug|Any CPU
		{89A4E2A9-2D28-4500-B041-30D7A6C040D3}.Debug|Any CPU.Build.0 = Debug|Any CPU
		{89A4E2A9-2D28-4500-B041-30D7A6C040D3}.Release|Any CPU.ActiveCfg = Release|Any CPU
		{89A4E2A9-2D28-4500-B041-30D7A6C040D3}.Release|Any CPU.Build.0 = Release|Any CPU
		{6879BBB1-49BC-4423-814D-5141CA347086}.Debug|Any CPU.ActiveCfg = Debug|Any CPU
		{6879BBB1-49BC-4423-814D-5141CA347086}.Debug|Any CPU.Build.0 = Debug|Any CPU
		{6879BBB1-49BC-4423-814D-5141CA347086}.Release|Any CPU.ActiveCfg = Release|Any CPU
		{913CC976-8AFB-4005-910D-8C2AB7B9AE44}.Debug|Any CPU.ActiveCfg = Debug|Any CPU
		{913CC976-8AFB-4005-910D-8C2AB7B9AE44}.Debug|Any CPU.Build.0 = Debug|Any CPU
		{913CC976-8AFB-4005-910D-8C2AB7B9AE44}.Release|Any CPU.ActiveCfg = Release|Any CPU
		{913CC976-8AFB-4005-910D-8C2AB7B9AE44}.Release|Any CPU.Build.0 = Release|Any CPU
	EndGlobalSection
	GlobalSection(SolutionProperties) = preSolution
		HideSolutionNode = FALSE
	EndGlobalSection
	GlobalSection(NestedProjects) = preSolution
		{89A4E2A9-2D28-4500-B041-30D7A6C040D3} = {DD133F81-C83C-4A43-B0E1-5C76BFC71591}
		{6879BBB1-49BC-4423-814D-5141CA347086} = {8EB01430-98C2-413E-B3D5-C8CDFA6A1EDC}
		{913CC976-8AFB-4005-910D-8C2AB7B9AE44} = {8EB01430-98C2-413E-B3D5-C8CDFA6A1EDC}
	EndGlobalSection
EndGlobal
