
Microsoft Visual Studio Solution File, Format Version 12.00
# Visual Studio 2012
Project("{FAE04EC0-301F-11D3-BF4B-00C04F79EFBC}") = "SharpRaven.Log4Net", "app\SharpRaven.Log4Net\SharpRaven.Log4Net.csproj", "{89A4E2A9-2D28-4500-B041-30D7A6C040D3}"
EndProject
Project("{FAE04EC0-301F-11D3-BF4B-00C04F79EFBC}") = "SharpRaven.Log4Net.Tests", "tests\SharpRaven.Log4Net.Tests\SharpRaven.Log4Net.Tests.csproj", "{6879BBB1-49BC-4423-814D-5141CA347086}"
EndProject
Project("{2150E333-8FDC-42A3-9474-1A3956D46DE8}") = "Solution Items", "Solution Items", "{1866A7D1-8F21-4CFF-B862-CB88686D7913}"
	ProjectSection(SolutionItems) = preProject
		..\README.md = ..\README.md
	EndProjectSection
EndProject
Project("{2150E333-8FDC-42A3-9474-1A3956D46DE8}") = ".nuget", ".nuget", "{F14412BF-5345-42C2-9F5A-46EA635F042B}"
	ProjectSection(SolutionItems) = preProject
		.nuget\NuGet.Config = .nuget\NuGet.Config
		.nuget\NuGet.exe = .nuget\NuGet.exe
		.nuget\NuGet.targets = .nuget\NuGet.targets
	EndProjectSection
EndProject
Project("{FAE04EC0-301F-11D3-BF4B-00C04F79EFBC}") = "SharpRaven.Log4Net.Tests.Web", "tests\SharpRaven.Log4Net.Tests.Web\SharpRaven.Log4Net.Tests.Web.csproj", "{913CC976-8AFB-4005-910D-8C2AB7B9AE44}"
EndProject
Project("{2150E333-8FDC-42A3-9474-1A3956D46DE8}") = "app", "app", "{DD133F81-C83C-4A43-B0E1-5C76BFC71591}"
EndProject
Project("{2150E333-8FDC-42A3-9474-1A3956D46DE8}") = "tests", "tests", "{8EB01430-98C2-413E-B3D5-C8CDFA6A1EDC}"
EndProject
Global
	GlobalSection(SolutionConfigurationPlatforms) = preSolution
		Debug|Any CPU = Debug|Any CPU
		Release|Any CPU = Release|Any CPU
	EndGlobalSection
	GlobalSection(ProjectConfigurationPlatforms) = postSolution
		{89A4E2A9-2D28-4500-B041-30D7A6C040D3}.Debug|Any CPU.ActiveCfg = Debug|Any CPU
		{89A4E2A9-2D28-4500-B041-30D7A6C040D3}.Debug|Any CPU.Build.0 = Debug|Any CPU
		{89A4E2A9-2D28-4500-B041-30D7A6C040D3}.Release|Any CPU.ActiveCfg = Release|Any CPU
		{89A4E2A9-2D28-4500-B041-30D7A6C040D3}.Release|Any CPU.Build.0 = Release|Any CPU
		{6879BBB1-49BC-4423-814D-5141CA347086}.Debug|Any CPU.ActiveCfg = Debug|Any CPU
		{6879BBB1-49BC-4423-814D-5141CA347086}.Debug|Any CPU.Build.0 = Debug|Any CPU
		{6879BBB1-49BC-4423-814D-5141CA347086}.Release|Any CPU.ActiveCfg = Release|Any CPU
		{6879BBB1-49BC-4423-814D-5141CA347086}.Release|Any CPU.Build.0 = Release|Any CPU
		{913CC976-8AFB-4005-910D-8C2AB7B9AE44}.Debug|Any CPU.ActiveCfg = Debug|Any CPU
		{913CC976-8AFB-4005-910D-8C2AB7B9AE44}.Debug|Any CPU.Build.0 = Debug|Any CPU
		{913CC976-8AFB-4005-910D-8C2AB7B9AE44}.Release|Any CPU.ActiveCfg = Release|Any CPU
		{913CC976-8AFB-4005-910D-8C2AB7B9AE44}.Release|Any CPU.Build.0 = Release|Any CPU
	EndGlobalSection
	GlobalSection(SolutionProperties) = preSolution
		HideSolutionNode = FALSE
	EndGlobalSection
	GlobalSection(NestedProjects) = preSolution
		{6879BBB1-49BC-4423-814D-5141CA347086} = {8EB01430-98C2-413E-B3D5-C8CDFA6A1EDC}
		{89A4E2A9-2D28-4500-B041-30D7A6C040D3} = {8EB01430-98C2-413E-B3D5-C8CDFA6A1EDC}
	EndGlobalSection
EndGlobal
